<?xml version="1.0" encoding="UTF-8"?>
<CONFIG>
  <ProjectOptions>
    <Version Value="9"/>
    <PathDelim Value="\"/>
    <General>
      <SessionStorage Value="InProjectDir"/>
      <MainUnit Value="0"/>
      <AutoCreateForms Value="False"/>
      <Title Value="arcon"/>
      <ResourceType Value="res"/>
      <UseXPManifest Value="True"/>
      <Icon Value="0"/>
    </General>
    <i18n>
      <EnableI18N LFM="False"/>
    </i18n>
    <VersionInfo>
      <UseVersionInfo Value="True"/>
      <AutoIncrementBuild Value="True"/>
      <MajorVersionNr Value="2016"/>
      <MinorVersionNr Value="2"/>
      <RevisionNr Value="1"/>
      <BuildNr Value="72"/>
      <Language Value="040A"/>
      <StringTable CompanyName="RACSS Programacion" InternalName="ARCON" LegalTrademarks="Carlos Enrique Rodriguez" ProductName="Arcon" ProductVersion=""/>
    </VersionInfo>
    <BuildModes Count="1">
      <Item1 Name="Default" Default="True"/>
    </BuildModes>
    <PublishOptions>
      <Version Value="2"/>
    </PublishOptions>
    <RunParams>
      <local>
        <FormatVersion Value="1"/>
      </local>
    </RunParams>
    <RequiredPackages Count="7">
      <Item1>
        <PackageName Value="rx"/>
      </Item1>
      <Item2>
        <PackageName Value="DateTimeCtrls"/>
      </Item2>
      <Item3>
        <PackageName Value="FCL"/>
      </Item3>
      <Item4>
        <PackageName Value="zcomponent"/>
      </Item4>
      <Item5>
        <PackageName Value="lazreport"/>
      </Item5>
      <Item6>
        <PackageName Value="rxnew"/>
      </Item6>
      <Item7>
        <PackageName Value="LCL"/>
      </Item7>
    </RequiredPackages>
    <Units Count="35">
      <Unit0>
        <Filename Value="arcon.lpr"/>
        <IsPartOfProject Value="True"/>
      </Unit0>
      <Unit1>
        <Filename Value="frm_main.pas"/>
        <IsPartOfProject Value="True"/>
        <ComponentName Value="frmMain"/>
        <HasResources Value="True"/>
        <ResourceBaseClass Value="Form"/>
      </Unit1>
      <Unit2>
        <Filename Value="..\..\src\dmgeneral.pas"/>
        <IsPartOfProject Value="True"/>
        <ComponentName Value="DM_General"/>
        <HasResources Value="True"/>
        <ResourceBaseClass Value="DataModule"/>
      </Unit2>
      <Unit3>
        <Filename Value="frm_ventaae.pas"/>
        <IsPartOfProject Value="True"/>
        <ComponentName Value="frmVentasAE"/>
        <HasResources Value="True"/>
        <ResourceBaseClass Value="Form"/>
      </Unit3>
      <Unit4>
        <Filename Value="dmventas.pas"/>
        <IsPartOfProject Value="True"/>
        <ComponentName Value="DM_Ventas"/>
        <HasResources Value="True"/>
        <ResourceBaseClass Value="DataModule"/>
      </Unit4>
      <Unit5>
        <Filename Value="..\..\src\dmclientes.pas"/>
        <IsPartOfProject Value="True"/>
        <ComponentName Value="DM_Clientes"/>
        <HasResources Value="True"/>
        <ResourceBaseClass Value="DataModule"/>
      </Unit5>
      <Unit6>
        <Filename Value="..\..\src\dmempresa.pas"/>
        <IsPartOfProject Value="True"/>
        <ComponentName Value="DM_Empresa"/>
        <HasResources Value="True"/>
        <ResourceBaseClass Value="DataModule"/>
      </Unit6>
      <Unit7>
        <Filename Value="frm_ventaconceptosae.pas"/>
        <IsPartOfProject Value="True"/>
        <ComponentName Value="frmVentaConceptosAE"/>
        <HasResources Value="True"/>
        <ResourceBaseClass Value="Form"/>
      </Unit7>
      <Unit8>
        <Filename Value="..\..\src\dmseleccionarpedidos.pas"/>
        <IsPartOfProject Value="True"/>
        <ComponentName Value="DM_SeleccionarPedidos"/>
        <HasResources Value="True"/>
        <ResourceBaseClass Value="DataModule"/>
      </Unit8>
      <Unit9>
        <Filename Value="..\..\src\frm_seleccionarpedidos.pas"/>
        <IsPartOfProject Value="True"/>
        <ComponentName Value="frmSeleccionarPedidos"/>
        <HasResources Value="True"/>
        <ResourceBaseClass Value="Form"/>
      </Unit9>
      <Unit10>
        <Filename Value="..\..\src\dmpedidos.pas"/>
        <IsPartOfProject Value="True"/>
        <ComponentName Value="DM_Pedidos"/>
        <HasResources Value="True"/>
        <ResourceBaseClass Value="DataModule"/>
      </Unit10>
      <Unit11>
        <Filename Value="..\..\src\dmprecios.pas"/>
        <IsPartOfProject Value="True"/>
        <ComponentName Value="DM_Precios"/>
        <HasResources Value="True"/>
        <ResourceBaseClass Value="DataModule"/>
      </Unit11>
      <Unit12>
        <Filename Value="..\..\src\SD_Configuracion.pas"/>
        <IsPartOfProject Value="True"/>
      </Unit12>
      <Unit13>
        <Filename Value="dmfacturaelectronica.pas"/>
        <IsPartOfProject Value="True"/>
        <ComponentName Value="DM_FacturaElectronica"/>
        <HasResources Value="True"/>
        <ResourceBaseClass Value="DataModule"/>
      </Unit13>
      <Unit14>
        <Filename Value="dmfacturas.pas"/>
        <IsPartOfProject Value="True"/>
        <ComponentName Value="DM_Facturas"/>
        <HasResources Value="True"/>
        <ResourceBaseClass Value="DataModule"/>
      </Unit14>
      <Unit15>
        <Filename Value="frm_impresioncomprobantes.pas"/>
        <IsPartOfProject Value="True"/>
        <ComponentName Value="frmImpresionComprobantes"/>
        <HasResources Value="True"/>
        <ResourceBaseClass Value="Form"/>
      </Unit15>
      <Unit16>
        <Filename Value="frm_comprasae.pas"/>
        <IsPartOfProject Value="True"/>
        <ComponentName Value="frmComprasAE"/>
        <HasResources Value="True"/>
        <ResourceBaseClass Value="Form"/>
      </Unit16>
      <Unit17>
        <Filename Value="dmcompras.pas"/>
        <IsPartOfProject Value="True"/>
        <ComponentName Value="DM_Compras"/>
        <HasResources Value="True"/>
        <ResourceBaseClass Value="DataModule"/>
      </Unit17>
      <Unit18>
        <Filename Value="frm_compraitemsae.pas"/>
        <IsPartOfProject Value="True"/>
        <ComponentName Value="frmCompraItemAE"/>
        <HasResources Value="True"/>
        <ResourceBaseClass Value="Form"/>
      </Unit18>
      <Unit19>
        <Filename Value="..\..\src\frm_proveedoresae.pas"/>
        <IsPartOfProject Value="True"/>
        <ComponentName Value="frmProveedoresAE"/>
        <HasResources Value="True"/>
        <ResourceBaseClass Value="Form"/>
      </Unit19>
      <Unit20>
        <Filename Value="..\..\src\dmproveedores.pas"/>
        <IsPartOfProject Value="True"/>
        <ComponentName Value="DM_Proveedores"/>
        <HasResources Value="True"/>
        <ResourceBaseClass Value="DataModule"/>
      </Unit20>
      <Unit21>
        <Filename Value="frm_ordendepagoae.pas"/>
        <IsPartOfProject Value="True"/>
        <ComponentName Value="frmOrdenDePagoAE"/>
        <HasResources Value="True"/>
        <ResourceBaseClass Value="Form"/>
      </Unit21>
      <Unit22>
        <Filename Value="dmordendepago.pas"/>
        <IsPartOfProject Value="True"/>
        <ComponentName Value="DM_OrdenDePago"/>
        <HasResources Value="True"/>
        <ResourceBaseClass Value="DataModule"/>
      </Unit22>
      <Unit23>
        <Filename Value="frm_busquedacompras.pas"/>
        <IsPartOfProject Value="True"/>
        <ComponentName Value="frmBusquedaCompras"/>
        <HasResources Value="True"/>
        <ResourceBaseClass Value="Form"/>
      </Unit23>
      <Unit24>
        <Filename Value="frm_formaspagoae.pas"/>
        <IsPartOfProject Value="True"/>
        <ComponentName Value="frmFormasPagoAE"/>
        <HasResources Value="True"/>
        <ResourceBaseClass Value="Form"/>
      </Unit24>
      <Unit25>
        <Filename Value="dmcompensaciones.pas"/>
        <IsPartOfProject Value="True"/>
        <ComponentName Value="DM_Compensaciones"/>
        <HasResources Value="True"/>
        <ResourceBaseClass Value="DataModule"/>
      </Unit25>
      <Unit26>
        <Filename Value="frm_distribuirdinerocomprobantes.pas"/>
        <IsPartOfProject Value="True"/>
        <ComponentName Value="frmDistribuirDineroComprobantes"/>
        <HasResources Value="True"/>
        <ResourceBaseClass Value="Form"/>
      </Unit26>
      <Unit27>
        <Filename Value="frm_listadocc.pas"/>
        <IsPartOfProject Value="True"/>
        <ComponentName Value="frmListadoCC"/>
        <HasResources Value="True"/>
        <ResourceBaseClass Value="Form"/>
      </Unit27>
      <Unit28>
        <Filename Value="dmcuentacorriente.pas"/>
        <IsPartOfProject Value="True"/>
        <ComponentName Value="DM_CuentaCorriente"/>
        <HasResources Value="True"/>
        <ResourceBaseClass Value="DataModule"/>
      </Unit28>
      <Unit29>
        <Filename Value="..\..\src\dmbusquedaempresas.pas"/>
        <IsPartOfProject Value="True"/>
        <ComponentName Value="DM_BusquedaEmpresas"/>
        <HasResources Value="True"/>
        <ResourceBaseClass Value="DataModule"/>
      </Unit29>
      <Unit30>
        <Filename Value="frm_asientomanualae.pas"/>
        <IsPartOfProject Value="True"/>
        <ComponentName Value="frmAsientoManualAE"/>
        <HasResources Value="True"/>
        <ResourceBaseClass Value="Form"/>
      </Unit30>
      <Unit31>
        <Filename Value="dmasientomanual.pas"/>
        <IsPartOfProject Value="True"/>
        <ComponentName Value="DM_AsientoManual"/>
        <HasResources Value="True"/>
        <ResourceBaseClass Value="DataModule"/>
      </Unit31>
      <Unit32>
        <Filename Value="frm_listadoasientosmanuales.pas"/>
        <IsPartOfProject Value="True"/>
        <ComponentName Value="frmListadoAsientosManuales"/>
        <HasResources Value="True"/>
        <ResourceBaseClass Value="Form"/>
      </Unit32>
      <Unit33>
        <Filename Value="frm_ventassinfacturar.pas"/>
        <IsPartOfProject Value="True"/>
        <ComponentName Value="frmVentasSinFacturar"/>
        <HasResources Value="True"/>
        <ResourceBaseClass Value="Form"/>
      </Unit33>
      <Unit34>
        <Filename Value="dmventassinfacturar.pas"/>
        <IsPartOfProject Value="True"/>
        <ComponentName Value="DM_VentasSinFacturar"/>
        <ResourceBaseClass Value="DataModule"/>
        <UnitName Value="dmventasSinFacturar"/>
      </Unit34>
    </Units>
  </ProjectOptions>
  <CompilerOptions>
    <Version Value="11"/>
    <PathDelim Value="\"/>
    <Target>
      <Filename Value="../../exe/arcon"/>
    </Target>
    <SearchPaths>
      <IncludeFiles Value="$(ProjOutDir)"/>
      <OtherUnitFiles Value="..\..\src;..\..\..\..\..\Utiles\lazComp\fpspreadsheet"/>
      <UnitOutputDirectory Value="lib\$(TargetCPU)-$(TargetOS)"/>
    </SearchPaths>
    <Linking>
      <Options>
        <Win32>
          <GraphicApplication Value="True"/>
        </Win32>
      </Options>
    </Linking>
  </CompilerOptions>
  <Debugging>
    <Exceptions Count="3">
      <Item1>
        <Name Value="EAbort"/>
      </Item1>
      <Item2>
        <Name Value="ECodetoolError"/>
      </Item2>
      <Item3>
        <Name Value="EFOpenError"/>
      </Item3>
    </Exceptions>
  </Debugging>
</CONFIG>
