<?xml version="1.0" encoding="UTF-8"?>
<CONFIG>
  <ProjectOptions>
    <Version Value="10"/>
    <PathDelim Value="\"/>
    <General>
      <SessionStorage Value="InProjectDir"/>
      <MainUnit Value="0"/>
      <Title Value="kitopos"/>
      <ResourceType Value="res"/>
      <UseXPManifest Value="True"/>
      <Icon Value="0"/>
    </General>
    <i18n>
      <EnableI18N LFM="False"/>
    </i18n>
    <VersionInfo>
      <UseVersionInfo Value="True"/>
      <AutoIncrementBuild Value="True"/>
      <MajorVersionNr Value="1"/>
      <MinorVersionNr Value="1"/>
      <BuildNr Value="2"/>
      <Language Value="040A"/>
      <StringTable Comments="www.racss.com.ar" CompanyName="RACSS Programacion" LegalCopyright="Carlos Enrique Rodriguez " ProductVersion=""/>
    </VersionInfo>
    <BuildModes Count="1">
      <Item1 Name="Default" Default="True"/>
    </BuildModes>
    <PublishOptions>
      <Version Value="2"/>
    </PublishOptions>
    <RunParams>
      <local>
        <FormatVersion Value="1"/>
      </local>
    </RunParams>
    <RequiredPackages Count="7">
      <Item1>
        <PackageName Value="frce"/>
      </Item1>
      <Item2>
        <PackageName Value="DateTimeCtrls"/>
      </Item2>
      <Item3>
        <PackageName Value="FCL"/>
      </Item3>
      <Item4>
        <PackageName Value="zcomponent"/>
      </Item4>
      <Item5>
        <PackageName Value="lazreport"/>
      </Item5>
      <Item6>
        <PackageName Value="rxnew"/>
      </Item6>
      <Item7>
        <PackageName Value="LCL"/>
      </Item7>
    </RequiredPackages>
    <Units Count="36">
      <Unit0>
        <Filename Value="kitopos.lpr"/>
        <IsPartOfProject Value="True"/>
      </Unit0>
      <Unit1>
        <Filename Value="frm_main.pas"/>
        <IsPartOfProject Value="True"/>
        <ComponentName Value="frmMain"/>
        <HasResources Value="True"/>
        <ResourceBaseClass Value="Form"/>
      </Unit1>
      <Unit2>
        <Filename Value="..\src\dmgeneral.pas"/>
        <IsPartOfProject Value="True"/>
        <ComponentName Value="DM_General"/>
        <HasResources Value="True"/>
        <ResourceBaseClass Value="DataModule"/>
      </Unit2>
      <Unit3>
        <Filename Value="..\src\SD_Configuracion.pas"/>
        <IsPartOfProject Value="True"/>
      </Unit3>
      <Unit4>
        <Filename Value="..\src\versioninfo.pas"/>
        <IsPartOfProject Value="True"/>
      </Unit4>
      <Unit5>
        <Filename Value="..\src\frm_about.pas"/>
        <IsPartOfProject Value="True"/>
        <HasResources Value="True"/>
      </Unit5>
      <Unit6>
        <Filename Value="..\src\dmproductos.pas"/>
        <IsPartOfProject Value="True"/>
        <ComponentName Value="DM_Productos"/>
        <HasResources Value="True"/>
        <ResourceBaseClass Value="DataModule"/>
      </Unit6>
      <Unit7>
        <Filename Value="..\src\frm_productoae.pas"/>
        <IsPartOfProject Value="True"/>
        <ComponentName Value="frmProductoAE"/>
        <HasResources Value="True"/>
        <ResourceBaseClass Value="Form"/>
      </Unit7>
      <Unit8>
        <Filename Value="..\src\frm_ediciontugs.pas"/>
        <IsPartOfProject Value="True"/>
        <HasResources Value="True"/>
      </Unit8>
      <Unit9>
        <Filename Value="..\src\dmediciontugs.pas"/>
        <IsPartOfProject Value="True"/>
        <HasResources Value="True"/>
      </Unit9>
      <Unit10>
        <Filename Value="..\src\frm_precioae.pas"/>
        <IsPartOfProject Value="True"/>
        <ComponentName Value="frmPrecioAE"/>
        <HasResources Value="True"/>
        <ResourceBaseClass Value="Form"/>
      </Unit10>
      <Unit11>
        <Filename Value="..\src\dmprecios.pas"/>
        <IsPartOfProject Value="True"/>
        <ComponentName Value="DM_Precios"/>
        <HasResources Value="True"/>
        <ResourceBaseClass Value="DataModule"/>
      </Unit11>
      <Unit12>
        <Filename Value="frm_coloresae.pas"/>
        <IsPartOfProject Value="True"/>
        <ComponentName Value="frmColoresAE"/>
        <HasResources Value="True"/>
        <ResourceBaseClass Value="Form"/>
      </Unit12>
      <Unit13>
        <Filename Value="dmcolores.pas"/>
        <IsPartOfProject Value="True"/>
        <ComponentName Value="DM_Colores"/>
        <HasResources Value="True"/>
        <ResourceBaseClass Value="DataModule"/>
      </Unit13>
      <Unit14>
        <Filename Value="dmtalles.pas"/>
        <IsPartOfProject Value="True"/>
        <ComponentName Value="DM_talles"/>
        <HasResources Value="True"/>
        <ResourceBaseClass Value="DataModule"/>
      </Unit14>
      <Unit15>
        <Filename Value="frm_tallesae.pas"/>
        <IsPartOfProject Value="True"/>
        <ComponentName Value="frmTallesAE"/>
        <HasResources Value="True"/>
        <ResourceBaseClass Value="Form"/>
      </Unit15>
      <Unit16>
        <Filename Value="..\src\frm_clientesae.pas"/>
        <IsPartOfProject Value="True"/>
        <ComponentName Value="frmClientesAE"/>
        <HasResources Value="True"/>
        <ResourceBaseClass Value="Form"/>
      </Unit16>
      <Unit17>
        <Filename Value="..\src\dmclientes.pas"/>
        <IsPartOfProject Value="True"/>
        <ComponentName Value="DM_Clientes"/>
        <HasResources Value="True"/>
        <ResourceBaseClass Value="DataModule"/>
      </Unit17>
      <Unit18>
        <Filename Value="dmcajamovimientos.pas"/>
        <IsPartOfProject Value="True"/>
        <ComponentName Value="DM_CajaMovimentos"/>
        <HasResources Value="True"/>
        <ResourceBaseClass Value="DataModule"/>
      </Unit18>
      <Unit19>
        <Filename Value="frm_cajadiaria.pas"/>
        <IsPartOfProject Value="True"/>
        <ComponentName Value="frmCajaDiaria"/>
        <HasResources Value="True"/>
        <ResourceBaseClass Value="Form"/>
      </Unit19>
      <Unit20>
        <Filename Value="frm_cajamovimientoae.pas"/>
        <IsPartOfProject Value="True"/>
        <ComponentName Value="frmMovimientoCajaAE"/>
        <HasResources Value="True"/>
        <ResourceBaseClass Value="Form"/>
      </Unit20>
      <Unit21>
        <Filename Value="rpt_movimentoscaja.pas"/>
        <IsPartOfProject Value="True"/>
        <ComponentName Value="rpt"/>
        <HasResources Value="True"/>
        <ResourceBaseClass Value="Form"/>
      </Unit21>
      <Unit22>
        <Filename Value="frm_ventaae.pas"/>
        <IsPartOfProject Value="True"/>
        <ComponentName Value="frmVentaAE"/>
        <HasResources Value="True"/>
        <ResourceBaseClass Value="Form"/>
      </Unit22>
      <Unit23>
        <Filename Value="dmventas.pas"/>
        <IsPartOfProject Value="True"/>
        <ComponentName Value="DM_Ventas"/>
        <HasResources Value="True"/>
        <ResourceBaseClass Value="DataModule"/>
      </Unit23>
      <Unit24>
        <Filename Value="dmproductosstock.pas"/>
        <IsPartOfProject Value="True"/>
        <ComponentName Value="DM_PosProductosStock"/>
        <HasResources Value="True"/>
        <ResourceBaseClass Value="DataModule"/>
      </Unit24>
      <Unit25>
        <Filename Value="..\src\frm_busquedaproductos.pas"/>
        <IsPartOfProject Value="True"/>
        <ComponentName Value="frmBusquedaProducto"/>
        <HasResources Value="True"/>
        <ResourceBaseClass Value="Form"/>
        <UnitName Value="frm_busquedaProductos"/>
      </Unit25>
      <Unit26>
        <Filename Value="frm_seleccionproducto.pas"/>
        <IsPartOfProject Value="True"/>
        <ComponentName Value="frmSeleccionProducto"/>
        <HasResources Value="True"/>
        <ResourceBaseClass Value="Form"/>
      </Unit26>
      <Unit27>
        <Filename Value="frm_movimientostock.pas"/>
        <IsPartOfProject Value="True"/>
        <ComponentName Value="frmMovimientoStock"/>
        <HasResources Value="True"/>
        <ResourceBaseClass Value="Form"/>
        <UnitName Value="frm_movimientoStock"/>
      </Unit27>
      <Unit28>
        <Filename Value="c_itemventa.pas"/>
        <IsPartOfProject Value="True"/>
      </Unit28>
      <Unit29>
        <Filename Value="frm_formaspago.pas"/>
        <IsPartOfProject Value="True"/>
        <ComponentName Value="frmFormasPago"/>
        <HasResources Value="True"/>
        <ResourceBaseClass Value="Form"/>
        <UnitName Value="frm_formasPago"/>
      </Unit29>
      <Unit30>
        <Filename Value="frm_listados.pas"/>
        <IsPartOfProject Value="True"/>
        <ComponentName Value="frmListados"/>
        <HasResources Value="True"/>
        <ResourceBaseClass Value="Form"/>
      </Unit30>
      <Unit31>
        <Filename Value="rpt_stockminimo.pas"/>
        <IsPartOfProject Value="True"/>
        <ComponentName Value="frmStockMinimo"/>
        <HasResources Value="True"/>
        <ResourceBaseClass Value="Form"/>
      </Unit31>
      <Unit32>
        <Filename Value="dmlistados.pas"/>
        <IsPartOfProject Value="True"/>
        <ComponentName Value="DM_Listados"/>
        <HasResources Value="True"/>
        <ResourceBaseClass Value="DataModule"/>
      </Unit32>
      <Unit33>
        <Filename Value="rpt_movimientosentrefechas.pas"/>
        <IsPartOfProject Value="True"/>
        <ComponentName Value="rptMovEntreFechas"/>
        <HasResources Value="True"/>
        <ResourceBaseClass Value="Form"/>
      </Unit33>
      <Unit34>
        <Filename Value="rpt_ventasentrefechas.pas"/>
        <IsPartOfProject Value="True"/>
        <ComponentName Value="Form1"/>
        <HasResources Value="True"/>
        <ResourceBaseClass Value="Form"/>
      </Unit34>
      <Unit35>
        <Filename Value="frm_formaspagodescrecargo.pas"/>
        <IsPartOfProject Value="True"/>
        <ComponentName Value="frmFormaPagoDescRecargo"/>
        <HasResources Value="True"/>
        <ResourceBaseClass Value="Form"/>
      </Unit35>
    </Units>
  </ProjectOptions>
  <CompilerOptions>
    <Version Value="11"/>
    <PathDelim Value="\"/>
    <Target>
      <Filename Value="..\exe\kitopos"/>
    </Target>
    <SearchPaths>
      <IncludeFiles Value="$(ProjOutDir)"/>
      <OtherUnitFiles Value="..\src;..\..\..\..\Utiles\lazComp\fpspreadsheet"/>
      <UnitOutputDirectory Value="lib\$(TargetCPU)-$(TargetOS)"/>
    </SearchPaths>
    <Linking>
      <Options>
        <Win32>
          <GraphicApplication Value="True"/>
        </Win32>
      </Options>
    </Linking>
  </CompilerOptions>
  <Debugging>
    <Exceptions Count="3">
      <Item1>
        <Name Value="EAbort"/>
      </Item1>
      <Item2>
        <Name Value="ECodetoolError"/>
      </Item2>
      <Item3>
        <Name Value="EFOpenError"/>
      </Item3>
    </Exceptions>
  </Debugging>
</CONFIG>
