<?xml version="1.0" encoding="UTF-8"?>
<CONFIG>
  <ProjectOptions>
    <Version Value="9"/>
    <PathDelim Value="\"/>
    <General>
      <SessionStorage Value="InProjectDir"/>
      <MainUnit Value="0"/>
      <AutoCreateForms Value="False"/>
      <Title Value="Kito"/>
      <ResourceType Value="res"/>
      <UseXPManifest Value="True"/>
      <Icon Value="0"/>
    </General>
    <i18n>
      <EnableI18N LFM="False"/>
    </i18n>
    <VersionInfo>
      <UseVersionInfo Value="True"/>
      <AutoIncrementBuild Value="True"/>
      <MajorVersionNr Value="2015"/>
      <MinorVersionNr Value="4"/>
      <BuildNr Value="44"/>
      <Language Value="080A"/>
      <StringTable Comments="Carlos Enrique Rodriguez / Magoo" CompanyName="RACSS Programación" LegalCopyright="Carlos Enrique Rodriguez - RACSS Programacion" ProductName="KITO" ProductVersion=""/>
    </VersionInfo>
    <BuildModes Count="1">
      <Item1 Name="Default" Default="True"/>
    </BuildModes>
    <PublishOptions>
      <Version Value="2"/>
    </PublishOptions>
    <RunParams>
      <local>
        <FormatVersion Value="1"/>
      </local>
    </RunParams>
    <RequiredPackages Count="6">
      <Item1>
        <PackageName Value="SQLDBLaz"/>
      </Item1>
      <Item2>
        <PackageName Value="FCL"/>
      </Item2>
      <Item3>
        <PackageName Value="zcomponent"/>
      </Item3>
      <Item4>
        <PackageName Value="lazreport"/>
      </Item4>
      <Item5>
        <PackageName Value="rxnew"/>
      </Item5>
      <Item6>
        <PackageName Value="LCL"/>
      </Item6>
    </RequiredPackages>
    <Units Count="46">
      <Unit0>
        <Filename Value="kito.lpr"/>
        <IsPartOfProject Value="True"/>
        <UnitName Value="kito"/>
      </Unit0>
      <Unit1>
        <Filename Value="frm_main.pas"/>
        <IsPartOfProject Value="True"/>
        <ComponentName Value="frmMain"/>
        <HasResources Value="True"/>
        <ResourceBaseClass Value="Form"/>
        <UnitName Value="frm_main"/>
      </Unit1>
      <Unit2>
        <Filename Value="dmgeneral.pas"/>
        <IsPartOfProject Value="True"/>
        <ComponentName Value="DM_General"/>
        <HasResources Value="True"/>
        <ResourceBaseClass Value="DataModule"/>
        <UnitName Value="dmgeneral"/>
      </Unit2>
      <Unit3>
        <Filename Value="SD_Configuracion.pas"/>
        <IsPartOfProject Value="True"/>
        <UnitName Value="SD_Configuracion"/>
      </Unit3>
      <Unit4>
        <Filename Value="versioninfo.pas"/>
        <IsPartOfProject Value="True"/>
        <UnitName Value="versioninfo"/>
      </Unit4>
      <Unit5>
        <Filename Value="frm_productoae.pas"/>
        <IsPartOfProject Value="True"/>
        <ComponentName Value="frmProductoAE"/>
        <HasResources Value="True"/>
        <ResourceBaseClass Value="Form"/>
        <UnitName Value="frm_productoae"/>
      </Unit5>
      <Unit6>
        <Filename Value="dmproductos.pas"/>
        <IsPartOfProject Value="True"/>
        <ComponentName Value="DM_Productos"/>
        <HasResources Value="True"/>
        <ResourceBaseClass Value="DataModule"/>
        <UnitName Value="dmproductos"/>
      </Unit6>
      <Unit7>
        <Filename Value="dmediciontugs.pas"/>
        <IsPartOfProject Value="True"/>
        <ComponentName Value="DM_EdicionTUGs"/>
        <HasResources Value="True"/>
        <ResourceBaseClass Value="DataModule"/>
        <UnitName Value="dmediciontugs"/>
      </Unit7>
      <Unit8>
        <Filename Value="frm_ediciontugs.pas"/>
        <IsPartOfProject Value="True"/>
        <ComponentName Value="frmEdicionTugs"/>
        <HasResources Value="True"/>
        <ResourceBaseClass Value="Form"/>
        <UnitName Value="frm_ediciontugs"/>
      </Unit8>
      <Unit9>
        <Filename Value="frm_busquedaproductos.pas"/>
        <IsPartOfProject Value="True"/>
        <ComponentName Value="frmBusquedaProducto"/>
        <HasResources Value="True"/>
        <ResourceBaseClass Value="Form"/>
        <UnitName Value="frm_busquedaProductos"/>
      </Unit9>
      <Unit10>
        <Filename Value="frm_precioae.pas"/>
        <IsPartOfProject Value="True"/>
        <ComponentName Value="frmPrecioAE"/>
        <HasResources Value="True"/>
        <ResourceBaseClass Value="Form"/>
        <UnitName Value="frm_precioae"/>
      </Unit10>
      <Unit11>
        <Filename Value="dmprecios.pas"/>
        <IsPartOfProject Value="True"/>
        <ComponentName Value="DM_Precios"/>
        <HasResources Value="True"/>
        <ResourceBaseClass Value="DataModule"/>
        <UnitName Value="dmprecios"/>
      </Unit11>
      <Unit12>
        <Filename Value="fra_empresa.pas"/>
        <IsPartOfProject Value="True"/>
        <ComponentName Value="fraEmpresa"/>
        <HasResources Value="True"/>
        <ResourceBaseClass Value="Frame"/>
        <UnitName Value="fra_empresa"/>
      </Unit12>
      <Unit13>
        <Filename Value="dmempresa.pas"/>
        <IsPartOfProject Value="True"/>
        <ComponentName Value="DM_Empresa"/>
        <HasResources Value="True"/>
        <ResourceBaseClass Value="DataModule"/>
        <UnitName Value="dmempresa"/>
      </Unit13>
      <Unit14>
        <Filename Value="frm_clientesae.pas"/>
        <IsPartOfProject Value="True"/>
        <ComponentName Value="frmClientesAE"/>
        <HasResources Value="True"/>
        <ResourceBaseClass Value="Form"/>
        <UnitName Value="frm_clientesae"/>
      </Unit14>
      <Unit15>
        <Filename Value="frm_contactoae.pas"/>
        <IsPartOfProject Value="True"/>
        <ComponentName Value="frmContactoAE"/>
        <HasResources Value="True"/>
        <ResourceBaseClass Value="Form"/>
        <UnitName Value="frm_contactoae"/>
      </Unit15>
      <Unit16>
        <Filename Value="dmclientes.pas"/>
        <IsPartOfProject Value="True"/>
        <ComponentName Value="DM_Clientes"/>
        <HasResources Value="True"/>
        <ResourceBaseClass Value="DataModule"/>
        <UnitName Value="dmclientes"/>
      </Unit16>
      <Unit17>
        <Filename Value="frm_domicilioae.pas"/>
        <IsPartOfProject Value="True"/>
        <ComponentName Value="frmDomicilioAE"/>
        <HasResources Value="True"/>
        <ResourceBaseClass Value="Form"/>
        <UnitName Value="frm_domicilioae"/>
      </Unit17>
      <Unit18>
        <Filename Value="frm_localidadesae.pas"/>
        <IsPartOfProject Value="True"/>
        <ComponentName Value="frmLocalidadesAE"/>
        <HasResources Value="True"/>
        <ResourceBaseClass Value="Form"/>
        <UnitName Value="frm_localidadesae"/>
      </Unit18>
      <Unit19>
        <Filename Value="frm_buscarlocalidad.pas"/>
        <IsPartOfProject Value="True"/>
        <ComponentName Value="frmBuscarLocalidad"/>
        <ResourceBaseClass Value="Form"/>
        <UnitName Value="frm_buscarlocalidad"/>
      </Unit19>
      <Unit20>
        <Filename Value="frm_busquedaempresas.pas"/>
        <IsPartOfProject Value="True"/>
        <ComponentName Value="frmBusquedaEmpresas"/>
        <HasResources Value="True"/>
        <ResourceBaseClass Value="Form"/>
        <UnitName Value="frm_busquedaempresas"/>
      </Unit20>
      <Unit21>
        <Filename Value="dmbusquedaempresas.pas"/>
        <IsPartOfProject Value="True"/>
        <ComponentName Value="DM_BusquedaEmpresas"/>
        <HasResources Value="True"/>
        <ResourceBaseClass Value="DataModule"/>
        <UnitName Value="dmbusquedaempresas"/>
      </Unit21>
      <Unit22>
        <Filename Value="frm_proveedoresae.pas"/>
        <IsPartOfProject Value="True"/>
        <ComponentName Value="frmProveedoresAE"/>
        <HasResources Value="True"/>
        <ResourceBaseClass Value="Form"/>
        <UnitName Value="frm_proveedoresae"/>
      </Unit22>
      <Unit23>
        <Filename Value="dmproveedores.pas"/>
        <IsPartOfProject Value="True"/>
        <ComponentName Value="DM_Proveedores"/>
        <HasResources Value="True"/>
        <ResourceBaseClass Value="DataModule"/>
        <UnitName Value="dmproveedores"/>
      </Unit23>
      <Unit24>
        <Filename Value="frm_transportistasae.pas"/>
        <IsPartOfProject Value="True"/>
        <ComponentName Value="frmTransportistasAE"/>
        <HasResources Value="True"/>
        <ResourceBaseClass Value="Form"/>
        <UnitName Value="frm_transportistasae"/>
      </Unit24>
      <Unit25>
        <Filename Value="dmtransportistas.pas"/>
        <IsPartOfProject Value="True"/>
        <ComponentName Value="DM_Transportistas"/>
        <HasResources Value="True"/>
        <ResourceBaseClass Value="DataModule"/>
        <UnitName Value="dmtransportistas"/>
      </Unit25>
      <Unit26>
        <Filename Value="frm_vendedoresae.pas"/>
        <IsPartOfProject Value="True"/>
        <ComponentName Value="frmVendedoresAE"/>
        <HasResources Value="True"/>
        <ResourceBaseClass Value="Form"/>
        <UnitName Value="frm_vendedoresae"/>
      </Unit26>
      <Unit27>
        <Filename Value="dmvendedores.pas"/>
        <IsPartOfProject Value="True"/>
        <ComponentName Value="DM_Vendedores"/>
        <HasResources Value="True"/>
        <ResourceBaseClass Value="DataModule"/>
        <UnitName Value="dmvendedores"/>
      </Unit27>
      <Unit28>
        <Filename Value="frm_pedidosae.pas"/>
        <IsPartOfProject Value="True"/>
        <ComponentName Value="frmPedidoAE"/>
        <HasResources Value="True"/>
        <ResourceBaseClass Value="Form"/>
        <UnitName Value="frm_pedidosae"/>
      </Unit28>
      <Unit29>
        <Filename Value="dmpedidos.pas"/>
        <IsPartOfProject Value="True"/>
        <ComponentName Value="DM_Pedidos"/>
        <HasResources Value="True"/>
        <ResourceBaseClass Value="DataModule"/>
        <UnitName Value="dmpedidos"/>
      </Unit29>
      <Unit30>
        <Filename Value="frm_pedidoeditarproducto.pas"/>
        <IsPartOfProject Value="True"/>
        <ComponentName Value="frmPedidoEditarProducto"/>
        <HasResources Value="True"/>
        <ResourceBaseClass Value="Form"/>
        <UnitName Value="frm_pedidoeditarproducto"/>
      </Unit30>
      <Unit31>
        <Filename Value="frm_pedidosestados.pas"/>
        <IsPartOfProject Value="True"/>
        <ComponentName Value="frmPedidosEstados"/>
        <ResourceBaseClass Value="Form"/>
        <UnitName Value="frm_pedidosEstados"/>
      </Unit31>
      <Unit32>
        <Filename Value="frm_pedidoestadosae.pas"/>
        <IsPartOfProject Value="True"/>
        <ComponentName Value="frmPedEstadosAE"/>
        <HasResources Value="True"/>
        <ResourceBaseClass Value="Form"/>
        <UnitName Value="frm_pedidoestadosae"/>
      </Unit32>
      <Unit33>
        <Filename Value="frm_pedidosbusqueda.pas"/>
        <IsPartOfProject Value="True"/>
        <ComponentName Value="frmPedidosBusqueda"/>
        <HasResources Value="True"/>
        <ResourceBaseClass Value="Form"/>
        <UnitName Value="frm_pedidosbusqueda"/>
      </Unit33>
      <Unit34>
        <Filename Value="dmbusquedapedidos.pas"/>
        <IsPartOfProject Value="True"/>
        <ComponentName Value="DM_BusquedaPedidos"/>
        <HasResources Value="True"/>
        <ResourceBaseClass Value="DataModule"/>
        <UnitName Value="dmbusquedapedidos"/>
      </Unit34>
      <Unit35>
        <Filename Value="dmstock.pas"/>
        <IsPartOfProject Value="True"/>
        <ComponentName Value="DM_Stock"/>
        <HasResources Value="True"/>
        <ResourceBaseClass Value="DataModule"/>
        <UnitName Value="dmstock"/>
      </Unit35>
      <Unit36>
        <Filename Value="frm_movimientosstockae.pas"/>
        <IsPartOfProject Value="True"/>
        <ComponentName Value="frmMovimientosStockAE"/>
        <HasResources Value="True"/>
        <ResourceBaseClass Value="Form"/>
        <UnitName Value="frm_movimientosstockae"/>
      </Unit36>
      <Unit37>
        <Filename Value="frm_editarproductomovimientostock.pas"/>
        <IsPartOfProject Value="True"/>
        <ComponentName Value="frmEditarProductoMovimientoStock"/>
        <HasResources Value="True"/>
        <ResourceBaseClass Value="Form"/>
        <UnitName Value="frm_EditarProductoMovimientoStock"/>
      </Unit37>
      <Unit38>
        <Filename Value="frm_movimientosstockbusqueda.pas"/>
        <IsPartOfProject Value="True"/>
        <ComponentName Value="frmBusquedaMovimientosStock"/>
        <HasResources Value="True"/>
        <ResourceBaseClass Value="Form"/>
        <UnitName Value="frm_movimientosstockbusqueda"/>
      </Unit38>
      <Unit39>
        <Filename Value="dmbusquedamovstock.pas"/>
        <IsPartOfProject Value="True"/>
        <ComponentName Value="DM_BusquedaMovStock"/>
        <HasResources Value="True"/>
        <ResourceBaseClass Value="DataModule"/>
        <UnitName Value="dmbusquedamovstock"/>
      </Unit39>
      <Unit40>
        <Filename Value="frm_modificarprecios.pas"/>
        <IsPartOfProject Value="True"/>
        <ComponentName Value="frmModificarPrecios"/>
        <HasResources Value="True"/>
        <ResourceBaseClass Value="Form"/>
        <UnitName Value="frm_modificarprecios"/>
      </Unit40>
      <Unit41>
        <Filename Value="dmmodificarprecios.pas"/>
        <IsPartOfProject Value="True"/>
        <ComponentName Value="DM_ModificarPrecios"/>
        <HasResources Value="True"/>
        <ResourceBaseClass Value="DataModule"/>
        <UnitName Value="dmmodificarprecios"/>
      </Unit41>
      <Unit42>
        <Filename Value="frm_devolucionesae.pas"/>
        <IsPartOfProject Value="True"/>
        <ComponentName Value="frmDevolucionesae"/>
        <HasResources Value="True"/>
        <ResourceBaseClass Value="Form"/>
        <UnitName Value="frm_devolucionesae"/>
      </Unit42>
      <Unit43>
        <Filename Value="dmdevoluciones.pas"/>
        <IsPartOfProject Value="True"/>
        <ComponentName Value="DM_Devoluciones"/>
        <HasResources Value="True"/>
        <ResourceBaseClass Value="DataModule"/>
        <UnitName Value="dmdevoluciones"/>
      </Unit43>
      <Unit44>
        <Filename Value="dmlistados.pas"/>
        <IsPartOfProject Value="True"/>
        <ComponentName Value="DM_Listados"/>
        <HasResources Value="True"/>
        <ResourceBaseClass Value="DataModule"/>
        <UnitName Value="dmlistados"/>
      </Unit44>
      <Unit45>
        <Filename Value="frm_listados.pas"/>
        <IsPartOfProject Value="True"/>
        <ComponentName Value="frmListados"/>
        <HasResources Value="True"/>
        <ResourceBaseClass Value="Form"/>
        <UnitName Value="frm_listados"/>
      </Unit45>
    </Units>
  </ProjectOptions>
  <CompilerOptions>
    <Version Value="11"/>
    <PathDelim Value="\"/>
    <Target>
      <Filename Value="../exe/kito"/>
    </Target>
    <SearchPaths>
      <IncludeFiles Value="$(ProjOutDir)"/>
      <UnitOutputDirectory Value="lib\$(TargetCPU)-$(TargetOS)"/>
    </SearchPaths>
    <Linking>
      <Options>
        <Win32>
          <GraphicApplication Value="True"/>
        </Win32>
      </Options>
    </Linking>
    <Other>
      <CompilerMessages>
        <MsgFileName Value=""/>
      </CompilerMessages>
      <CompilerPath Value="$(CompPath)"/>
    </Other>
  </CompilerOptions>
  <Debugging>
    <Exceptions Count="3">
      <Item1>
        <Name Value="EAbort"/>
      </Item1>
      <Item2>
        <Name Value="ECodetoolError"/>
      </Item2>
      <Item3>
        <Name Value="EFOpenError"/>
      </Item3>
    </Exceptions>
  </Debugging>
</CONFIG>
